
Microsoft Visual Studio Solution File, Format Version 12.00
# Visual Studio Version 16
VisualStudioVersion = 16.0.31515.178
MinimumVisualStudioVersion = 10.0.40219.1
Project("{39E2626F-3545-4960-A6E8-258AD8476CE5}") = "metering", "metering\metering.androidproj", "{B9B9C3DD-498E-4874-B28D-55C53B8A3809}"
EndProject
Global
	GlobalSection(SolutionConfigurationPlatforms) = preSolution
		Debug|ARM = Debug|ARM
		Debug|ARM64 = Debug|ARM64
		Debug|x64 = Debug|x64
		Debug|x86 = Debug|x86
		Release|ARM = Release|ARM
		Release|ARM64 = Release|ARM64
		Release|x64 = Release|x64
		Release|x86 = Release|x86
	EndGlobalSection
	GlobalSection(ProjectConfigurationPlatforms) = postSolution
		{B9B9C3DD-498E-4874-B28D-55C53B8A3809}.Debug|ARM.ActiveCfg = Debug|ARM
		{B9B9C3DD-498E-4874-B28D-55C53B8A3809}.Debug|ARM.Build.0 = Debug|ARM
		{B9B9C3DD-498E-4874-B28D-55C53B8A3809}.Debug|ARM.Deploy.0 = Debug|ARM
		{B9B9C3DD-498E-4874-B28D-55C53B8A3809}.Debug|ARM64.ActiveCfg = Debug|ARM64
		{B9B9C3DD-498E-4874-B28D-55C53B8A3809}.Debug|ARM64.Build.0 = Debug|ARM64
		{B9B9C3DD-498E-4874-B28D-55C53B8A3809}.Debug|ARM64.Deploy.0 = Debug|ARM64
		{B9B9C3DD-498E-4874-B28D-55C53B8A3809}.Debug|x64.ActiveCfg = Debug|x64
		{B9B9C3DD-498E-4874-B28D-55C53B8A3809}.Debug|x64.Build.0 = Debug|x64
		{B9B9C3DD-498E-4874-B28D-55C53B8A3809}.Debug|x64.Deploy.0 = Debug|x64
		{B9B9C3DD-498E-4874-B28D-55C53B8A3809}.Debug|x86.ActiveCfg = Debug|x86
		{B9B9C3DD-498E-4874-B28D-55C53B8A3809}.Debug|x86.Build.0 = Debug|x86
		{B9B9C3DD-498E-4874-B28D-55C53B8A3809}.Debug|x86.Deploy.0 = Debug|x86
		{B9B9C3DD-498E-4874-B28D-55C53B8A3809}.Release|ARM.ActiveCfg = Release|ARM
		{B9B9C3DD-498E-4874-B28D-55C53B8A3809}.Release|ARM.Build.0 = Release|ARM
		{B9B9C3DD-498E-4874-B28D-55C53B8A3809}.Release|ARM.Deploy.0 = Release|ARM
		{B9B9C3DD-498E-4874-B28D-55C53B8A3809}.Release|ARM64.ActiveCfg = Release|ARM64
		{B9B9C3DD-498E-4874-B28D-55C53B8A3809}.Release|ARM64.Build.0 = Release|ARM64
		{B9B9C3DD-498E-4874-B28D-55C53B8A3809}.Release|ARM64.Deploy.0 = Release|ARM64
		{B9B9C3DD-498E-4874-B28D-55C53B8A3809}.Release|x64.ActiveCfg = Release|x64
		{B9B9C3DD-498E-4874-B28D-55C53B8A3809}.Release|x64.Build.0 = Release|x64
		{B9B9C3DD-498E-4874-B28D-55C53B8A3809}.Release|x64.Deploy.0 = Release|x64
		{B9B9C3DD-498E-4874-B28D-55C53B8A3809}.Release|x86.ActiveCfg = Release|x86
		{B9B9C3DD-498E-4874-B28D-55C53B8A3809}.Release|x86.Build.0 = Release|x86
		{B9B9C3DD-498E-4874-B28D-55C53B8A3809}.Release|x86.Deploy.0 = Release|x86
	EndGlobalSection
	GlobalSection(SolutionProperties) = preSolution
		HideSolutionNode = FALSE
	EndGlobalSection
	GlobalSection(ExtensibilityGlobals) = postSolution
		SolutionGuid = {21C4562A-8C25-4E6C-8C5B-180E6FDE2509}
	EndGlobalSection
EndGlobal
